
Microsoft Visual Studio Solution File, Format Version 12.00
# Visual Studio Version 17
VisualStudioVersion = 17.6.33723.286
MinimumVisualStudioVersion = 10.0.40219.1
Project("{FAE04EC0-301F-11D3-BF4B-00C04F79EFBC}") = "AhlatciKuyumculukWeb", "AhlatciKuyumculukWeb.csproj", "{C67A41FD-6D8C-49F0-AFF9-8557FA06EEA9}"
EndProject
Global
	GlobalSection(SolutionConfigurationPlatforms) = preSolution
		Debug|Any CPU = Debug|Any CPU
		Release|Any CPU = Release|Any CPU
	EndGlobalSection
	GlobalSection(ProjectConfigurationPlatforms) = postSolution
		{C67A41FD-6D8C-49F0-AFF9-8557FA06EEA9}.Debug|Any CPU.ActiveCfg = Debug|Any CPU
		{C67A41FD-6D8C-49F0-AFF9-8557FA06EEA9}.Debug|Any CPU.Build.0 = Debug|Any CPU
		{C67A41FD-6D8C-49F0-AFF9-8557FA06EEA9}.Release|Any CPU.ActiveCfg = Release|Any CPU
		{C67A41FD-6D8C-49F0-AFF9-8557FA06EEA9}.Release|Any CPU.Build.0 = Release|Any CPU
	EndGlobalSection
	GlobalSection(SolutionProperties) = preSolution
		HideSolutionNode = FALSE
	EndGlobalSection
	GlobalSection(ExtensibilityGlobals) = postSolution
		SolutionGuid = {AB8D8280-0926-457A-A911-84F8B4CBA4D4}
	EndGlobalSection
EndGlobal
